
Microsoft Visual Studio Solution File, Format Version 12.00
# Visual Studio 15
VisualStudioVersion = 15.0.26124.0
MinimumVisualStudioVersion = 15.0.26124.0
Project("{FAE04EC0-301F-11D3-BF4B-00C04F79EFBC}") = "localstack", "src\localstack.csproj", "{5CCDDC05-AF32-4115-B6C8-E374D1CD862D}"
EndProject
Project("{FAE04EC0-301F-11D3-BF4B-00C04F79EFBC}") = "LocalstackTests", "test\LocalstackTests.csproj", "{35DE53E8-DFF1-40CF-8810-14F46FE4AD66}"
EndProject
Global
	GlobalSection(SolutionConfigurationPlatforms) = preSolution
		Debug|Any CPU = Debug|Any CPU
		Debug|x64 = Debug|x64
		Debug|x86 = Debug|x86
		Release|Any CPU = Release|Any CPU
		Release|x64 = Release|x64
		Release|x86 = Release|x86
	EndGlobalSection
	GlobalSection(SolutionProperties) = preSolution
		HideSolutionNode = FALSE
	EndGlobalSection
	GlobalSection(ProjectConfigurationPlatforms) = postSolution
		{5CCDDC05-AF32-4115-B6C8-E374D1CD862D}.Debug|Any CPU.ActiveCfg = Debug|Any CPU
		{5CCDDC05-AF32-4115-B6C8-E374D1CD862D}.Debug|Any CPU.Build.0 = Debug|Any CPU
		{5CCDDC05-AF32-4115-B6C8-E374D1CD862D}.Debug|x64.ActiveCfg = Debug|Any CPU
		{5CCDDC05-AF32-4115-B6C8-E374D1CD862D}.Debug|x64.Build.0 = Debug|Any CPU
		{5CCDDC05-AF32-4115-B6C8-E374D1CD862D}.Debug|x86.ActiveCfg = Debug|Any CPU
		{5CCDDC05-AF32-4115-B6C8-E374D1CD862D}.Debug|x86.Build.0 = Debug|Any CPU
		{5CCDDC05-AF32-4115-B6C8-E374D1CD862D}.Release|Any CPU.ActiveCfg = Release|Any CPU
		{5CCDDC05-AF32-4115-B6C8-E374D1CD862D}.Release|Any CPU.Build.0 = Release|Any CPU
		{5CCDDC05-AF32-4115-B6C8-E374D1CD862D}.Release|x64.ActiveCfg = Release|Any CPU
		{5CCDDC05-AF32-4115-B6C8-E374D1CD862D}.Release|x64.Build.0 = Release|Any CPU
		{5CCDDC05-AF32-4115-B6C8-E374D1CD862D}.Release|x86.ActiveCfg = Release|Any CPU
		{5CCDDC05-AF32-4115-B6C8-E374D1CD862D}.Release|x86.Build.0 = Release|Any CPU
		{35DE53E8-DFF1-40CF-8810-14F46FE4AD66}.Debug|Any CPU.ActiveCfg = Debug|Any CPU
		{35DE53E8-DFF1-40CF-8810-14F46FE4AD66}.Debug|Any CPU.Build.0 = Debug|Any CPU
		{35DE53E8-DFF1-40CF-8810-14F46FE4AD66}.Debug|x64.ActiveCfg = Debug|Any CPU
		{35DE53E8-DFF1-40CF-8810-14F46FE4AD66}.Debug|x64.Build.0 = Debug|Any CPU
		{35DE53E8-DFF1-40CF-8810-14F46FE4AD66}.Debug|x86.ActiveCfg = Debug|Any CPU
		{35DE53E8-DFF1-40CF-8810-14F46FE4AD66}.Debug|x86.Build.0 = Debug|Any CPU
		{35DE53E8-DFF1-40CF-8810-14F46FE4AD66}.Release|Any CPU.ActiveCfg = Release|Any CPU
		{35DE53E8-DFF1-40CF-8810-14F46FE4AD66}.Release|Any CPU.Build.0 = Release|Any CPU
		{35DE53E8-DFF1-40CF-8810-14F46FE4AD66}.Release|x64.ActiveCfg = Release|Any CPU
		{35DE53E8-DFF1-40CF-8810-14F46FE4AD66}.Release|x64.Build.0 = Release|Any CPU
		{35DE53E8-DFF1-40CF-8810-14F46FE4AD66}.Release|x86.ActiveCfg = Release|Any CPU
		{35DE53E8-DFF1-40CF-8810-14F46FE4AD66}.Release|x86.Build.0 = Release|Any CPU
	EndGlobalSection
EndGlobal
